
Microsoft Visual Studio Solution File, Format Version 12.00
# Visual Studio Version 16
VisualStudioVersion = 16.0.31829.152
MinimumVisualStudioVersion = 10.0.40219.1
Project("{FAE04EC0-301F-11D3-BF4B-00C04F79EFBC}") = "RegEx_PasswordValidation1", "RegEx_PasswordValidation1\RegEx_PasswordValidation1.csproj", "{90C84B56-8C70-4B50-A816-1EEDD77E7800}"
EndProject
Global
	GlobalSection(SolutionConfigurationPlatforms) = preSolution
		Debug|Any CPU = Debug|Any CPU
		Release|Any CPU = Release|Any CPU
	EndGlobalSection
	GlobalSection(ProjectConfigurationPlatforms) = postSolution
		{90C84B56-8C70-4B50-A816-1EEDD77E7800}.Debug|Any CPU.ActiveCfg = Debug|Any CPU
		{90C84B56-8C70-4B50-A816-1EEDD77E7800}.Debug|Any CPU.Build.0 = Debug|Any CPU
		{90C84B56-8C70-4B50-A816-1EEDD77E7800}.Release|Any CPU.ActiveCfg = Release|Any CPU
		{90C84B56-8C70-4B50-A816-1EEDD77E7800}.Release|Any CPU.Build.0 = Release|Any CPU
	EndGlobalSection
	GlobalSection(SolutionProperties) = preSolution
		HideSolutionNode = FALSE
	EndGlobalSection
	GlobalSection(ExtensibilityGlobals) = postSolution
		SolutionGuid = {DD3DEBF3-AA9C-49E7-96FA-5A4AF4F6D9BD}
	EndGlobalSection
EndGlobal
