
Microsoft Visual Studio Solution File, Format Version 12.00
# Visual Studio Version 16
VisualStudioVersion = 16.0.31829.152
MinimumVisualStudioVersion = 10.0.40219.1
Project("{FAE04EC0-301F-11D3-BF4B-00C04F79EFBC}") = "RegEx_FirstNameValidation", "RegEx_FirstNameValidation\RegEx_FirstNameValidation.csproj", "{C2AE527E-F782-4CEA-907C-BA4D9A1EBC74}"
EndProject
Global
	GlobalSection(SolutionConfigurationPlatforms) = preSolution
		Debug|Any CPU = Debug|Any CPU
		Release|Any CPU = Release|Any CPU
	EndGlobalSection
	GlobalSection(ProjectConfigurationPlatforms) = postSolution
		{C2AE527E-F782-4CEA-907C-BA4D9A1EBC74}.Debug|Any CPU.ActiveCfg = Debug|Any CPU
		{C2AE527E-F782-4CEA-907C-BA4D9A1EBC74}.Debug|Any CPU.Build.0 = Debug|Any CPU
		{C2AE527E-F782-4CEA-907C-BA4D9A1EBC74}.Release|Any CPU.ActiveCfg = Release|Any CPU
		{C2AE527E-F782-4CEA-907C-BA4D9A1EBC74}.Release|Any CPU.Build.0 = Release|Any CPU
	EndGlobalSection
	GlobalSection(SolutionProperties) = preSolution
		HideSolutionNode = FALSE
	EndGlobalSection
	GlobalSection(ExtensibilityGlobals) = postSolution
		SolutionGuid = {1003EF09-F579-4AE1-9DDF-54602B3968C8}
	EndGlobalSection
EndGlobal
