
Microsoft Visual Studio Solution File, Format Version 12.00
# Visual Studio Version 16
VisualStudioVersion = 16.0.31829.152
MinimumVisualStudioVersion = 10.0.40219.1
Project("{FAE04EC0-301F-11D3-BF4B-00C04F79EFBC}") = "RegEx_PasswordValidation2", "RegEx_PasswordValidation2\RegEx_PasswordValidation2.csproj", "{4A142738-EBF9-42D8-8B73-DE197BAEC2B6}"
EndProject
Global
	GlobalSection(SolutionConfigurationPlatforms) = preSolution
		Debug|Any CPU = Debug|Any CPU
		Release|Any CPU = Release|Any CPU
	EndGlobalSection
	GlobalSection(ProjectConfigurationPlatforms) = postSolution
		{4A142738-EBF9-42D8-8B73-DE197BAEC2B6}.Debug|Any CPU.ActiveCfg = Debug|Any CPU
		{4A142738-EBF9-42D8-8B73-DE197BAEC2B6}.Debug|Any CPU.Build.0 = Debug|Any CPU
		{4A142738-EBF9-42D8-8B73-DE197BAEC2B6}.Release|Any CPU.ActiveCfg = Release|Any CPU
		{4A142738-EBF9-42D8-8B73-DE197BAEC2B6}.Release|Any CPU.Build.0 = Release|Any CPU
	EndGlobalSection
	GlobalSection(SolutionProperties) = preSolution
		HideSolutionNode = FALSE
	EndGlobalSection
	GlobalSection(ExtensibilityGlobals) = postSolution
		SolutionGuid = {25C073E4-F566-4D03-ABF6-DF4B83C099D1}
	EndGlobalSection
EndGlobal
