
Microsoft Visual Studio Solution File, Format Version 12.00
# Visual Studio Version 16
VisualStudioVersion = 16.0.31829.152
MinimumVisualStudioVersion = 10.0.40219.1
Project("{FAE04EC0-301F-11D3-BF4B-00C04F79EFBC}") = "RegEx_MailVallidation", "RegEx_MailVallidation\RegEx_MailVallidation.csproj", "{0484FD6A-27A3-488F-89B5-AA5E5D90B284}"
EndProject
Global
	GlobalSection(SolutionConfigurationPlatforms) = preSolution
		Debug|Any CPU = Debug|Any CPU
		Release|Any CPU = Release|Any CPU
	EndGlobalSection
	GlobalSection(ProjectConfigurationPlatforms) = postSolution
		{0484FD6A-27A3-488F-89B5-AA5E5D90B284}.Debug|Any CPU.ActiveCfg = Debug|Any CPU
		{0484FD6A-27A3-488F-89B5-AA5E5D90B284}.Debug|Any CPU.Build.0 = Debug|Any CPU
		{0484FD6A-27A3-488F-89B5-AA5E5D90B284}.Release|Any CPU.ActiveCfg = Release|Any CPU
		{0484FD6A-27A3-488F-89B5-AA5E5D90B284}.Release|Any CPU.Build.0 = Release|Any CPU
	EndGlobalSection
	GlobalSection(SolutionProperties) = preSolution
		HideSolutionNode = FALSE
	EndGlobalSection
	GlobalSection(ExtensibilityGlobals) = postSolution
		SolutionGuid = {041DC114-5360-46A1-8DA3-0A35C83FA285}
	EndGlobalSection
EndGlobal
