
Microsoft Visual Studio Solution File, Format Version 12.00
# Visual Studio Version 16
VisualStudioVersion = 16.0.31829.152
MinimumVisualStudioVersion = 10.0.40219.1
Project("{FAE04EC0-301F-11D3-BF4B-00C04F79EFBC}") = "RegEx_MobileNoValidation", "RegEx_MobileNoValidation\RegEx_MobileNoValidation.csproj", "{6B94EF47-9EE2-4FC8-9F02-7759BF5906FD}"
EndProject
Global
	GlobalSection(SolutionConfigurationPlatforms) = preSolution
		Debug|Any CPU = Debug|Any CPU
		Release|Any CPU = Release|Any CPU
	EndGlobalSection
	GlobalSection(ProjectConfigurationPlatforms) = postSolution
		{6B94EF47-9EE2-4FC8-9F02-7759BF5906FD}.Debug|Any CPU.ActiveCfg = Debug|Any CPU
		{6B94EF47-9EE2-4FC8-9F02-7759BF5906FD}.Debug|Any CPU.Build.0 = Debug|Any CPU
		{6B94EF47-9EE2-4FC8-9F02-7759BF5906FD}.Release|Any CPU.ActiveCfg = Release|Any CPU
		{6B94EF47-9EE2-4FC8-9F02-7759BF5906FD}.Release|Any CPU.Build.0 = Release|Any CPU
	EndGlobalSection
	GlobalSection(SolutionProperties) = preSolution
		HideSolutionNode = FALSE
	EndGlobalSection
	GlobalSection(ExtensibilityGlobals) = postSolution
		SolutionGuid = {8FDB6287-3F8F-409F-A080-F2E87276B4C0}
	EndGlobalSection
EndGlobal
