
Microsoft Visual Studio Solution File, Format Version 12.00
# Visual Studio Version 16
VisualStudioVersion = 16.0.31829.152
MinimumVisualStudioVersion = 10.0.40219.1
Project("{FAE04EC0-301F-11D3-BF4B-00C04F79EFBC}") = "RegEx_PasswordVallidation3", "RegEx_PasswordVallidation3\RegEx_PasswordVallidation3.csproj", "{79CE34F4-DBB7-453A-8DBB-5ECAF771FEF2}"
EndProject
Global
	GlobalSection(SolutionConfigurationPlatforms) = preSolution
		Debug|Any CPU = Debug|Any CPU
		Release|Any CPU = Release|Any CPU
	EndGlobalSection
	GlobalSection(ProjectConfigurationPlatforms) = postSolution
		{79CE34F4-DBB7-453A-8DBB-5ECAF771FEF2}.Debug|Any CPU.ActiveCfg = Debug|Any CPU
		{79CE34F4-DBB7-453A-8DBB-5ECAF771FEF2}.Debug|Any CPU.Build.0 = Debug|Any CPU
		{79CE34F4-DBB7-453A-8DBB-5ECAF771FEF2}.Release|Any CPU.ActiveCfg = Release|Any CPU
		{79CE34F4-DBB7-453A-8DBB-5ECAF771FEF2}.Release|Any CPU.Build.0 = Release|Any CPU
	EndGlobalSection
	GlobalSection(SolutionProperties) = preSolution
		HideSolutionNode = FALSE
	EndGlobalSection
	GlobalSection(ExtensibilityGlobals) = postSolution
		SolutionGuid = {D2EE6961-C039-4CF7-B22D-DA4803941D12}
	EndGlobalSection
EndGlobal
